// !$*UTF8*$!
{
	archiveVersion = 1;
	classes = {
	};
	objectVersion = 50;
	objects = {

/* Begin PBXBuildFile section */
		C48CC4B62272A6B20068069D /* AppDelegate.swift in Sources */ = {isa = PBXBuildFile; fileRef = C48CC4B52272A6B20068069D /* AppDelegate.swift */; };
		C48CC4BB2272A6B20068069D /* Main.storyboard in Resources */ = {isa = PBXBuildFile; fileRef = C48CC4B92272A6B20068069D /* Main.storyboard */; };
		C48CC4BE2272A6B20068069D /* IOS_SecretSantaApp.xcdatamodeld in Sources */ = {isa = PBXBuildFile; fileRef = C48CC4BC2272A6B20068069D /* IOS_SecretSantaApp.xcdatamodeld */; };
		C48CC4C02272A6B30068069D /* Assets.xcassets in Resources */ = {isa = PBXBuildFile; fileRef = C48CC4BF2272A6B30068069D /* Assets.xcassets */; };
		C48CC4C32272A6B30068069D /* LaunchScreen.storyboard in Resources */ = {isa = PBXBuildFile; fileRef = C48CC4C12272A6B30068069D /* LaunchScreen.storyboard */; };
		C48CC4CB2272A8DB0068069D /* SantaStartPage.swift in Sources */ = {isa = PBXBuildFile; fileRef = C48CC4CA2272A8DB0068069D /* SantaStartPage.swift */; };
		C48CC4CD227414500068069D /* NewExchangePage.swift in Sources */ = {isa = PBXBuildFile; fileRef = C48CC4CC227414500068069D /* NewExchangePage.swift */; };
		C48CC4CF2274149D0068069D /* AddSanta.swift in Sources */ = {isa = PBXBuildFile; fileRef = C48CC4CE2274149D0068069D /* AddSanta.swift */; };
		C49AEE592274C9F900F09A9C /* presents.jpg in Resources */ = {isa = PBXBuildFile; fileRef = C49AEE582274C9F900F09A9C /* presents.jpg */; };
		C49AEE5B2274CBB700F09A9C /* SantaPhoto.jpg in Resources */ = {isa = PBXBuildFile; fileRef = C49AEE5A2274CBB700F09A9C /* SantaPhoto.jpg */; };
		C49AEE5D2274D2C000F09A9C /* outdoorChristmasTree.jpg in Resources */ = {isa = PBXBuildFile; fileRef = C49AEE5C2274D2C000F09A9C /* outdoorChristmasTree.jpg */; };
		C49AEE5F227610D500F09A9C /* Exchange.swift in Sources */ = {isa = PBXBuildFile; fileRef = C49AEE5E227610D500F09A9C /* Exchange.swift */; };
		C49AEE63227632F000F09A9C /* SantaCell.swift in Sources */ = {isa = PBXBuildFile; fileRef = C49AEE62227632F000F09A9C /* SantaCell.swift */; };
/* End PBXBuildFile section */

/* Begin PBXFileReference section */
		C48CC4B22272A6B20068069D /* IOS-SecretSantaApp.app */ = {isa = PBXFileReference; explicitFileType = wrapper.application; includeInIndex = 0; path = "IOS-SecretSantaApp.app"; sourceTree = BUILT_PRODUCTS_DIR; };
		C48CC4B52272A6B20068069D /* AppDelegate.swift */ = {isa = PBXFileReference; lastKnownFileType = sourcecode.swift; path = AppDelegate.swift; sourceTree = "<group>"; };
		C48CC4BA2272A6B20068069D /* Base */ = {isa = PBXFileReference; lastKnownFileType = file.storyboard; name = Base; path = Base.lproj/Main.storyboard; sourceTree = "<group>"; };
		C48CC4BD2272A6B20068069D /* IOS_SecretSantaApp.xcdatamodel */ = {isa = PBXFileReference; lastKnownFileType = wrapper.xcdatamodel; path = IOS_SecretSantaApp.xcdatamodel; sourceTree = "<group>"; };
		C48CC4BF2272A6B30068069D /* Assets.xcassets */ = {isa = PBXFileReference; lastKnownFileType = folder.assetcatalog; path = Assets.xcassets; sourceTree = "<group>"; };
		C48CC4C22272A6B30068069D /* Base */ = {isa = PBXFileReference; lastKnownFileType = file.storyboard; name = Base; path = Base.lproj/LaunchScreen.storyboard; sourceTree = "<group>"; };
		C48CC4C42272A6B30068069D /* Info.plist */ = {isa = PBXFileReference; lastKnownFileType = text.plist.xml; path = Info.plist; sourceTree = "<group>"; };
		C48CC4CA2272A8DB0068069D /* SantaStartPage.swift */ = {isa = PBXFileReference; lastKnownFileType = sourcecode.swift; path = SantaStartPage.swift; sourceTree = "<group>"; };
		C48CC4CC227414500068069D /* NewExchangePage.swift */ = {isa = PBXFileReference; lastKnownFileType = sourcecode.swift; path = NewExchangePage.swift; sourceTree = "<group>"; };
		C48CC4CE2274149D0068069D /* AddSanta.swift */ = {isa = PBXFileReference; lastKnownFileType = sourcecode.swift; path = AddSanta.swift; sourceTree = "<group>"; };
		C49AEE582274C9F900F09A9C /* presents.jpg */ = {isa = PBXFileReference; lastKnownFileType = image.jpeg; name = presents.jpg; path = ../../../../Downloads/presents.jpg; sourceTree = "<group>"; };
		C49AEE5A2274CBB700F09A9C /* SantaPhoto.jpg */ = {isa = PBXFileReference; lastKnownFileType = image.jpeg; name = SantaPhoto.jpg; path = ../../../../Downloads/SantaPhoto.jpg; sourceTree = "<group>"; };
		C49AEE5C2274D2C000F09A9C /* outdoorChristmasTree.jpg */ = {isa = PBXFileReference; lastKnownFileType = image.jpeg; name = outdoorChristmasTree.jpg; path = ../../../../Downloads/outdoorChristmasTree.jpg; sourceTree = "<group>"; };
		C49AEE5E227610D500F09A9C /* Exchange.swift */ = {isa = PBXFileReference; lastKnownFileType = sourcecode.swift; path = Exchange.swift; sourceTree = "<group>"; };
		C49AEE62227632F000F09A9C /* SantaCell.swift */ = {isa = PBXFileReference; lastKnownFileType = sourcecode.swift; path = SantaCell.swift; sourceTree = "<group>"; };
/* End PBXFileReference section */

/* Begin PBXFrameworksBuildPhase section */
		C48CC4AF2272A6B20068069D /* Frameworks */ = {
			isa = PBXFrameworksBuildPhase;
			buildActionMask = 2147483647;
			files = (
			);
			runOnlyForDeploymentPostprocessing = 0;
		};
/* End PBXFrameworksBuildPhase section */

/* Begin PBXGroup section */
		C48CC4A92272A6B20068069D = {
			isa = PBXGroup;
			children = (
				C48CC4B42272A6B20068069D /* IOS-SecretSantaApp */,
				C48CC4B32272A6B20068069D /* Products */,
			);
			sourceTree = "<group>";
		};
		C48CC4B32272A6B20068069D /* Products */ = {
			isa = PBXGroup;
			children = (
				C48CC4B22272A6B20068069D /* IOS-SecretSantaApp.app */,
			);
			name = Products;
			sourceTree = "<group>";
		};
		C48CC4B42272A6B20068069D /* IOS-SecretSantaApp */ = {
			isa = PBXGroup;
			children = (
				C48CC4B52272A6B20068069D /* AppDelegate.swift */,
				C48CC4B92272A6B20068069D /* Main.storyboard */,
				C48CC4BF2272A6B30068069D /* Assets.xcassets */,
				C48CC4C12272A6B30068069D /* LaunchScreen.storyboard */,
				C48CC4C42272A6B30068069D /* Info.plist */,
				C48CC4BC2272A6B20068069D /* IOS_SecretSantaApp.xcdatamodeld */,
				C48CC4CA2272A8DB0068069D /* SantaStartPage.swift */,
				C48CC4CC227414500068069D /* NewExchangePage.swift */,
				C48CC4CE2274149D0068069D /* AddSanta.swift */,
				C49AEE5E227610D500F09A9C /* Exchange.swift */,
				C49AEE62227632F000F09A9C /* SantaCell.swift */,
				C49AEE582274C9F900F09A9C /* presents.jpg */,
				C49AEE5A2274CBB700F09A9C /* SantaPhoto.jpg */,
				C49AEE5C2274D2C000F09A9C /* outdoorChristmasTree.jpg */,
			);
			path = "IOS-SecretSantaApp";
			sourceTree = "<group>";
		};
/* End PBXGroup section */

/* Begin PBXNativeTarget section */
		C48CC4B12272A6B20068069D /* IOS-SecretSantaApp */ = {
			isa = PBXNativeTarget;
			buildConfigurationList = C48CC4C72272A6B30068069D /* Build configuration list for PBXNativeTarget "IOS-SecretSantaApp" */;
			buildPhases = (
				C48CC4AE2272A6B20068069D /* Sources */,
				C48CC4AF2272A6B20068069D /* Frameworks */,
				C48CC4B02272A6B20068069D /* Resources */,
			);
			buildRules = (
			);
			dependencies = (
			);
			name = "IOS-SecretSantaApp";
			productName = "IOS-SecretSantaApp";
			productReference = C48CC4B22272A6B20068069D /* IOS-SecretSantaApp.app */;
			productType = "com.apple.product-type.application";
		};
/* End PBXNativeTarget section */

/* Begin PBXProject section */
		C48CC4AA2272A6B20068069D /* Project object */ = {
			isa = PBXProject;
			attributes = {
				LastSwiftUpdateCheck = 1020;
				LastUpgradeCheck = 1020;
				ORGANIZATIONNAME = "Andrew Fallin";
				TargetAttributes = {
					C48CC4B12272A6B20068069D = {
						CreatedOnToolsVersion = 10.2.1;
					};
				};
			};
			buildConfigurationList = C48CC4AD2272A6B20068069D /* Build configuration list for PBXProject "IOS-SecretSantaApp" */;
			compatibilityVersion = "Xcode 9.3";
			developmentRegion = en;
			hasScannedForEncodings = 0;
			knownRegions = (
				en,
				Base,
			);
			mainGroup = C48CC4A92272A6B20068069D;
			productRefGroup = C48CC4B32272A6B20068069D /* Products */;
			projectDirPath = "";
			projectRoot = "";
			targets = (
				C48CC4B12272A6B20068069D /* IOS-SecretSantaApp */,
			);
		};
/* End PBXProject section */

/* Begin PBXResourcesBuildPhase section */
		C48CC4B02272A6B20068069D /* Resources */ = {
			isa = PBXResourcesBuildPhase;
			buildActionMask = 2147483647;
			files = (
				C48CC4C32272A6B30068069D /* LaunchScreen.storyboard in Resources */,
				C48CC4C02272A6B30068069D /* Assets.xcassets in Resources */,
				C49AEE5D2274D2C000F09A9C /* outdoorChristmasTree.jpg in Resources */,
				C49AEE5B2274CBB700F09A9C /* SantaPhoto.jpg in Resources */,
				C48CC4BB2272A6B20068069D /* Main.storyboard in Resources */,
				C49AEE592274C9F900F09A9C /* presents.jpg in Resources */,
			);
			runOnlyForDeploymentPostprocessing = 0;
		};
/* End PBXResourcesBuildPhase section */

/* Begin PBXSourcesBuildPhase section */
		C48CC4AE2272A6B20068069D /* Sources */ = {
			isa = PBXSourcesBuildPhase;
			buildActionMask = 2147483647;
			files = (
				C49AEE63227632F000F09A9C /* SantaCell.swift in Sources */,
				C48CC4CF2274149D0068069D /* AddSanta.swift in Sources */,
				C48CC4BE2272A6B20068069D /* IOS_SecretSantaApp.xcdatamodeld in Sources */,
				C49AEE5F227610D500F09A9C /* Exchange.swift in Sources */,
				C48CC4CB2272A8DB0068069D /* SantaStartPage.swift in Sources */,
				C48CC4CD227414500068069D /* NewExchangePage.swift in Sources */,
				C48CC4B62272A6B20068069D /* AppDelegate.swift in Sources */,
			);
			runOnlyForDeploymentPostprocessing = 0;
		};
/* End PBXSourcesBuildPhase section */

/* Begin PBXVariantGroup section */
		C48CC4B92272A6B20068069D /* Main.storyboard */ = {
			isa = PBXVariantGroup;
			children = (
				C48CC4BA2272A6B20068069D /* Base */,
			);
			name = Main.storyboard;
			sourceTree = "<group>";
		};
		C48CC4C12272A6B30068069D /* LaunchScreen.storyboard */ = {
			isa = PBXVariantGroup;
			children = (
				C48CC4C22272A6B30068069D /* Base */,
			);
			name = LaunchScreen.storyboard;
			sourceTree = "<group>";
		};
/* End PBXVariantGroup section */

/* Begin XCBuildConfiguration section */
		C48CC4C52272A6B30068069D /* Debug */ = {
			isa = XCBuildConfiguration;
			buildSettings = {
				ALWAYS_SEARCH_USER_PATHS = NO;
				CLANG_ANALYZER_NONNULL = YES;
				CLANG_ANALYZER_NUMBER_OBJECT_CONVERSION = YES_AGGRESSIVE;
				CLANG_CXX_LANGUAGE_STANDARD = "gnu++14";
				CLANG_CXX_LIBRARY = "libc++";
				CLANG_ENABLE_MODULES = YES;
				CLANG_ENABLE_OBJC_ARC = YES;
				CLANG_ENABLE_OBJC_WEAK = YES;
				CLANG_WARN_BLOCK_CAPTURE_AUTORELEASING = YES;
				CLANG_WARN_BOOL_CONVERSION = YES;
				CLANG_WARN_COMMA = YES;
				CLANG_WARN_CONSTANT_CONVERSION = YES;
				CLANG_WARN_DEPRECATED_OBJC_IMPLEMENTATIONS = YES;
				CLANG_WARN_DIRECT_OBJC_ISA_USAGE = YES_ERROR;
				CLANG_WARN_DOCUMENTATION_COMMENTS = YES;
				CLANG_WARN_EMPTY_BODY = YES;
				CLANG_WARN_ENUM_CONVERSION = YES;
				CLANG_WARN_INFINITE_RECURSION = YES;
				CLANG_WARN_INT_CONVERSION = YES;
				CLANG_WARN_NON_LITERAL_NULL_CONVERSION = YES;
				CLANG_WARN_OBJC_IMPLICIT_RETAIN_SELF = YES;
				CLANG_WARN_OBJC_LITERAL_CONVERSION = YES;
				CLANG_WARN_OBJC_ROOT_CLASS = YES_ERROR;
				CLANG_WARN_RANGE_LOOP_ANALYSIS = YES;
				CLANG_WARN_STRICT_PROTOTYPES = YES;
				CLANG_WARN_SUSPICIOUS_MOVE = YES;
				CLANG_WARN_UNGUARDED_AVAILABILITY = YES_AGGRESSIVE;
				CLANG_WARN_UNREACHABLE_CODE = YES;
				CLANG_WARN__DUPLICATE_METHOD_MATCH = YES;
				CODE_SIGN_IDENTITY = "iPhone Developer";
				COPY_PHASE_STRIP = NO;
				DEBUG_INFORMATION_FORMAT = dwarf;
				ENABLE_STRICT_OBJC_MSGSEND = YES;
				ENABLE_TESTABILITY = YES;
				GCC_C_LANGUAGE_STANDARD = gnu11;
				GCC_DYNAMIC_NO_PIC = NO;
				GCC_NO_COMMON_BLOCKS = YES;
				GCC_OPTIMIZATION_LEVEL = 0;
				GCC_PREPROCESSOR_DEFINITIONS = (
					"DEBUG=1",
					"$(inherited)",
				);
				GCC_WARN_64_TO_32_BIT_CONVERSION = YES;
				GCC_WARN_ABOUT_RETURN_TYPE = YES_ERROR;
				GCC_WARN_UNDECLARED_SELECTOR = YES;
				GCC_WARN_UNINITIALIZED_AUTOS = YES_AGGRESSIVE;
				GCC_WARN_UNUSED_FUNCTION = YES;
				GCC_WARN_UNUSED_VARIABLE = YES;
				IPHONEOS_DEPLOYMENT_TARGET = 12.2;
				MTL_ENABLE_DEBUG_INFO = INCLUDE_SOURCE;
				MTL_FAST_MATH = YES;
				ONLY_ACTIVE_ARCH = YES;
				SDKROOT = iphoneos;
				SWIFT_ACTIVE_COMPILATION_CONDITIONS = DEBUG;
				SWIFT_OPTIMIZATION_LEVEL = "-Onone";
			};
			name = Debug;
		};
		C48CC4C62272A6B30068069D /* Release */ = {
			isa = XCBuildConfiguration;
			buildSettings = {
				ALWAYS_SEARCH_USER_PATHS = NO;
				CLANG_ANALYZER_NONNULL = YES;
				CLANG_ANALYZER_NUMBER_OBJECT_CONVERSION = YES_AGGRESSIVE;
				CLANG_CXX_LANGUAGE_STANDARD = "gnu++14";
				CLANG_CXX_LIBRARY = "libc++";
				CLANG_ENABLE_MODULES = YES;
				CLANG_ENABLE_OBJC_ARC = YES;
				CLANG_ENABLE_OBJC_WEAK = YES;
				CLANG_WARN_BLOCK_CAPTURE_AUTORELEASING = YES;
				CLANG_WARN_BOOL_CONVERSION = YES;
				CLANG_WARN_COMMA = YES;
				CLANG_WARN_CONSTANT_CONVERSION = YES;
				CLANG_WARN_DEPRECATED_OBJC_IMPLEMENTATIONS = YES;
				CLANG_WARN_DIRECT_OBJC_ISA_USAGE = YES_ERROR;
				CLANG_WARN_DOCUMENTATION_COMMENTS = YES;
				CLANG_WARN_EMPTY_BODY = YES;
				CLANG_WARN_ENUM_CONVERSION = YES;
				CLANG_WARN_INFINITE_RECURSION = YES;
				CLANG_WARN_INT_CONVERSION = YES;
				CLANG_WARN_NON_LITERAL_NULL_CONVERSION = YES;
				CLANG_WARN_OBJC_IMPLICIT_RETAIN_SELF = YES;
				CLANG_WARN_OBJC_LITERAL_CONVERSION = YES;
				CLANG_WARN_OBJC_ROOT_CLASS = YES_ERROR;
				CLANG_WARN_RANGE_LOOP_ANALYSIS = YES;
				CLANG_WARN_STRICT_PROTOTYPES = YES;
				CLANG_WARN_SUSPICIOUS_MOVE = YES;
				CLANG_WARN_UNGUARDED_AVAILABILITY = YES_AGGRESSIVE;
				CLANG_WARN_UNREACHABLE_CODE = YES;
				CLANG_WARN__DUPLICATE_METHOD_MATCH = YES;
				CODE_SIGN_IDENTITY = "iPhone Developer";
				COPY_PHASE_STRIP = NO;
				DEBUG_INFORMATION_FORMAT = "dwarf-with-dsym";
				ENABLE_NS_ASSERTIONS = NO;
				ENABLE_STRICT_OBJC_MSGSEND = YES;
				GCC_C_LANGUAGE_STANDARD = gnu11;
				GCC_NO_COMMON_BLOCKS = YES;
				GCC_WARN_64_TO_32_BIT_CONVERSION = YES;
				GCC_WARN_ABOUT_RETURN_TYPE = YES_ERROR;
				GCC_WARN_UNDECLARED_SELECTOR = YES;
				GCC_WARN_UNINITIALIZED_AUTOS = YES_AGGRESSIVE;
				GCC_WARN_UNUSED_FUNCTION = YES;
				GCC_WARN_UNUSED_VARIABLE = YES;
				IPHONEOS_DEPLOYMENT_TARGET = 12.2;
				MTL_ENABLE_DEBUG_INFO = NO;
				MTL_FAST_MATH = YES;
				SDKROOT = iphoneos;
				SWIFT_COMPILATION_MODE = wholemodule;
				SWIFT_OPTIMIZATION_LEVEL = "-O";
				VALIDATE_PRODUCT = YES;
			};
			name = Release;
		};
		C48CC4C82272A6B30068069D /* Debug */ = {
			isa = XCBuildConfiguration;
			buildSettings = {
				ASSETCATALOG_COMPILER_APPICON_NAME = AppIcon;
				CODE_SIGN_STYLE = Automatic;
				INFOPLIST_FILE = "IOS-SecretSantaApp/Info.plist";
				LD_RUNPATH_SEARCH_PATHS = (
					"$(inherited)",
					"@executable_path/Frameworks",
				);
				PRODUCT_BUNDLE_IDENTIFIER = "Personal.IOS-SecretSantaApp";
				PRODUCT_NAME = "$(TARGET_NAME)";
				SWIFT_VERSION = 5.0;
				TARGETED_DEVICE_FAMILY = "1,2";
			};
			name = Debug;
		};
		C48CC4C92272A6B30068069D /* Release */ = {
			isa = XCBuildConfiguration;
			buildSettings = {
				ASSETCATALOG_COMPILER_APPICON_NAME = AppIcon;
				CODE_SIGN_STYLE = Automatic;
				INFOPLIST_FILE = "IOS-SecretSantaApp/Info.plist";
				LD_RUNPATH_SEARCH_PATHS = (
					"$(inherited)",
					"@executable_path/Frameworks",
				);
				PRODUCT_BUNDLE_IDENTIFIER = "Personal.IOS-SecretSantaApp";
				PRODUCT_NAME = "$(TARGET_NAME)";
				SWIFT_VERSION = 5.0;
				TARGETED_DEVICE_FAMILY = "1,2";
			};
			name = Release;
		};
/* End XCBuildConfiguration section */

/* Begin XCConfigurationList section */
		C48CC4AD2272A6B20068069D /* Build configuration list for PBXProject "IOS-SecretSantaApp" */ = {
			isa = XCConfigurationList;
			buildConfigurations = (
				C48CC4C52272A6B30068069D /* Debug */,
				C48CC4C62272A6B30068069D /* Release */,
			);
			defaultConfigurationIsVisible = 0;
			defaultConfigurationName = Release;
		};
		C48CC4C72272A6B30068069D /* Build configuration list for PBXNativeTarget "IOS-SecretSantaApp" */ = {
			isa = XCConfigurationList;
			buildConfigurations = (
				C48CC4C82272A6B30068069D /* Debug */,
				C48CC4C92272A6B30068069D /* Release */,
			);
			defaultConfigurationIsVisible = 0;
			defaultConfigurationName = Release;
		};
/* End XCConfigurationList section */

/* Begin XCVersionGroup section */
		C48CC4BC2272A6B20068069D /* IOS_SecretSantaApp.xcdatamodeld */ = {
			isa = XCVersionGroup;
			children = (
				C48CC4BD2272A6B20068069D /* IOS_SecretSantaApp.xcdatamodel */,
			);
			currentVersion = C48CC4BD2272A6B20068069D /* IOS_SecretSantaApp.xcdatamodel */;
			path = IOS_SecretSantaApp.xcdatamodeld;
			sourceTree = "<group>";
			versionGroupType = wrapper.xcdatamodel;
		};
/* End XCVersionGroup section */
	};
	rootObject = C48CC4AA2272A6B20068069D /* Project object */;
}
